Microsoft Visual Studio Solution File, Format Version 11.00
# Visual Studio 2008

Project("{2667D65E-7F10-D411-48E4-BB2041296BB8}") = "2D Game", "Assembly-CSharp-firstpass.csproj", "{6CE57291-629E-3864-A411-B7BA6CCCECCA}"
EndProject
Project("{2667D65E-7F10-D411-48E4-BB2041296BB8}") = "2D Game", "Assembly-CSharp.csproj", "{3BD99DA7-BD93-6366-344B-4F2C33A41684}"
EndProject
Project("{2667D65E-7F10-D411-48E4-BB2041296BB8}") = "2D Game", "Assembly-UnityScript-firstpass.unityproj", "{B53AF3A0-89C4-A5CC-1DF9-3C0DD5ED578C}"
EndProject
Global
	GlobalSection(SolutionConfigurationPlatforms) = preSolution
		Debug|Any CPU = Debug|Any CPU
		Release|Any CPU = Release|Any CPU
	EndGlobalSection
	GlobalSection(ProjectConfigurationPlatforms) = postSolution
		{6CE57291-629E-3864-A411-B7BA6CCCECCA}.Debug|Any CPU.ActiveCfg = Debug|Any CPU
		{6CE57291-629E-3864-A411-B7BA6CCCECCA}.Debug|Any CPU.Build.0 = Debug|Any CPU
		{6CE57291-629E-3864-A411-B7BA6CCCECCA}.Release|Any CPU.ActiveCfg = Release|Any CPU
		{6CE57291-629E-3864-A411-B7BA6CCCECCA}.Release|Any CPU.Build.0 = Release|Any CPU
		{3BD99DA7-BD93-6366-344B-4F2C33A41684}.Debug|Any CPU.ActiveCfg = Debug|Any CPU
		{3BD99DA7-BD93-6366-344B-4F2C33A41684}.Debug|Any CPU.Build.0 = Debug|Any CPU
		{3BD99DA7-BD93-6366-344B-4F2C33A41684}.Release|Any CPU.ActiveCfg = Release|Any CPU
		{3BD99DA7-BD93-6366-344B-4F2C33A41684}.Release|Any CPU.Build.0 = Release|Any CPU
		{B53AF3A0-89C4-A5CC-1DF9-3C0DD5ED578C}.Debug|Any CPU.ActiveCfg = Debug|Any CPU
		{B53AF3A0-89C4-A5CC-1DF9-3C0DD5ED578C}.Debug|Any CPU.Build.0 = Debug|Any CPU
		{B53AF3A0-89C4-A5CC-1DF9-3C0DD5ED578C}.Release|Any CPU.ActiveCfg = Release|Any CPU
		{B53AF3A0-89C4-A5CC-1DF9-3C0DD5ED578C}.Release|Any CPU.Build.0 = Release|Any CPU
	EndGlobalSection
	GlobalSection(SolutionProperties) = preSolution
		HideSolutionNode = FALSE
	EndGlobalSection
																											GlobalSection(MonoDevelopProperties) = preSolution
		StartupItem = Assembly-CSharp.csproj
		Policies = $0
		$0.TextStylePolicy = $1
		$1.inheritsSet = null
		$1.scope = text/x-csharp
		$0.CSharpFormattingPolicy = $2
		$2.inheritsSet = Mono
		$2.inheritsScope = text/x-csharp
		$2.scope = text/x-csharp
		$0.TextStylePolicy = $3
		$3.FileWidth = 120
		$3.TabWidth = 4
		$3.EolMarker = Unix
		$3.inheritsSet = Mono
		$3.inheritsScope = text/plain
		$3.scope = text/plain
	EndGlobalSection

EndGlobal
